
Microsoft Visual Studio Solution File, Format Version 12.00
# Visual Studio 15
VisualStudioVersion = 15.0.28307.705
MinimumVisualStudioVersion = 10.0.40219.1
Project("{FAE04EC0-301F-11D3-BF4B-00C04F79EFBC}") = "BindGenerater", "BindGenerater\BindGenerater.csproj", "{CB7108B6-C8FE-4A90-B5A1-04683C0FB0F6}"
EndProject
Project("{FAE04EC0-301F-11D3-BF4B-00C04F79EFBC}") = "Test", "BindGenerater\Test.csproj", "{2DB3B561-429E-4237-8958-8FAB6636EE44}"
EndProject
Project("{FAE04EC0-301F-11D3-BF4B-00C04F79EFBC}") = "RefTest", "RefTest\RefTest.csproj", "{71F56E46-DD93-437B-A4CB-4265F0317596}"
EndProject
Project("{FAE04EC0-301F-11D3-BF4B-00C04F79EFBC}") = "UnityEngine", "BindGenerater\UnityEngine.csproj", "{E52C88E4-72C2-4858-8D58-F01F10C420D0}"
EndProject
Project("{8BC9CEB8-8B4A-11D0-8D11-00A0C91BC942}") = "ScriptEngine", "ScriptEngine\ScriptEngine.vcxproj", "{EA037EC1-7D0C-4EBA-995E-669FACBC3B18}"
EndProject
Project("{FAE04EC0-301F-11D3-BF4B-00C04F79EFBC}") = "Assembly-CSharp", "DemoProject\Assembly-CSharp.csproj", "{DBE53C73-5E64-55EF-9E88-6C47A9A49BF7}"
EndProject
Global
	GlobalSection(SolutionConfigurationPlatforms) = preSolution
		Debug|Any CPU = Debug|Any CPU
		Debug|x64 = Debug|x64
		Debug|x86 = Debug|x86
		Release|Any CPU = Release|Any CPU
		Release|x64 = Release|x64
		Release|x86 = Release|x86
	EndGlobalSection
	GlobalSection(ProjectConfigurationPlatforms) = postSolution
		{CB7108B6-C8FE-4A90-B5A1-04683C0FB0F6}.Debug|Any CPU.ActiveCfg = Debug|Any CPU
		{CB7108B6-C8FE-4A90-B5A1-04683C0FB0F6}.Debug|Any CPU.Build.0 = Debug|Any CPU
		{CB7108B6-C8FE-4A90-B5A1-04683C0FB0F6}.Debug|x64.ActiveCfg = Debug|Any CPU
		{CB7108B6-C8FE-4A90-B5A1-04683C0FB0F6}.Debug|x64.Build.0 = Debug|Any CPU
		{CB7108B6-C8FE-4A90-B5A1-04683C0FB0F6}.Debug|x86.ActiveCfg = Debug|Any CPU
		{CB7108B6-C8FE-4A90-B5A1-04683C0FB0F6}.Debug|x86.Build.0 = Debug|Any CPU
		{CB7108B6-C8FE-4A90-B5A1-04683C0FB0F6}.Release|Any CPU.ActiveCfg = Release|Any CPU
		{CB7108B6-C8FE-4A90-B5A1-04683C0FB0F6}.Release|Any CPU.Build.0 = Release|Any CPU
		{CB7108B6-C8FE-4A90-B5A1-04683C0FB0F6}.Release|x64.ActiveCfg = Release|Any CPU
		{CB7108B6-C8FE-4A90-B5A1-04683C0FB0F6}.Release|x64.Build.0 = Release|Any CPU
		{CB7108B6-C8FE-4A90-B5A1-04683C0FB0F6}.Release|x86.ActiveCfg = Release|Any CPU
		{CB7108B6-C8FE-4A90-B5A1-04683C0FB0F6}.Release|x86.Build.0 = Release|Any CPU
		{2DB3B561-429E-4237-8958-8FAB6636EE44}.Debug|Any CPU.ActiveCfg = Debug|Any CPU
		{2DB3B561-429E-4237-8958-8FAB6636EE44}.Debug|Any CPU.Build.0 = Debug|Any CPU
		{2DB3B561-429E-4237-8958-8FAB6636EE44}.Debug|x64.ActiveCfg = Debug|Any CPU
		{2DB3B561-429E-4237-8958-8FAB6636EE44}.Debug|x64.Build.0 = Debug|Any CPU
		{2DB3B561-429E-4237-8958-8FAB6636EE44}.Debug|x86.ActiveCfg = Debug|Any CPU
		{2DB3B561-429E-4237-8958-8FAB6636EE44}.Debug|x86.Build.0 = Debug|Any CPU
		{2DB3B561-429E-4237-8958-8FAB6636EE44}.Release|Any CPU.ActiveCfg = Release|Any CPU
		{2DB3B561-429E-4237-8958-8FAB6636EE44}.Release|Any CPU.Build.0 = Release|Any CPU
		{2DB3B561-429E-4237-8958-8FAB6636EE44}.Release|x64.ActiveCfg = Release|Any CPU
		{2DB3B561-429E-4237-8958-8FAB6636EE44}.Release|x64.Build.0 = Release|Any CPU
		{2DB3B561-429E-4237-8958-8FAB6636EE44}.Release|x86.ActiveCfg = Release|Any CPU
		{2DB3B561-429E-4237-8958-8FAB6636EE44}.Release|x86.Build.0 = Release|Any CPU
		{71F56E46-DD93-437B-A4CB-4265F0317596}.Debug|Any CPU.ActiveCfg = Debug|Any CPU
		{71F56E46-DD93-437B-A4CB-4265F0317596}.Debug|Any CPU.Build.0 = Debug|Any CPU
		{71F56E46-DD93-437B-A4CB-4265F0317596}.Debug|x64.ActiveCfg = Debug|Any CPU
		{71F56E46-DD93-437B-A4CB-4265F0317596}.Debug|x64.Build.0 = Debug|Any CPU
		{71F56E46-DD93-437B-A4CB-4265F0317596}.Debug|x86.ActiveCfg = Debug|Any CPU
		{71F56E46-DD93-437B-A4CB-4265F0317596}.Debug|x86.Build.0 = Debug|Any CPU
		{71F56E46-DD93-437B-A4CB-4265F0317596}.Release|Any CPU.ActiveCfg = Release|Any CPU
		{71F56E46-DD93-437B-A4CB-4265F0317596}.Release|Any CPU.Build.0 = Release|Any CPU
		{71F56E46-DD93-437B-A4CB-4265F0317596}.Release|x64.ActiveCfg = Release|Any CPU
		{71F56E46-DD93-437B-A4CB-4265F0317596}.Release|x64.Build.0 = Release|Any CPU
		{71F56E46-DD93-437B-A4CB-4265F0317596}.Release|x86.ActiveCfg = Release|Any CPU
		{71F56E46-DD93-437B-A4CB-4265F0317596}.Release|x86.Build.0 = Release|Any CPU
		{E52C88E4-72C2-4858-8D58-F01F10C420D0}.Debug|Any CPU.ActiveCfg = Debug|Any CPU
		{E52C88E4-72C2-4858-8D58-F01F10C420D0}.Debug|Any CPU.Build.0 = Debug|Any CPU
		{E52C88E4-72C2-4858-8D58-F01F10C420D0}.Debug|x64.ActiveCfg = Debug|Any CPU
		{E52C88E4-72C2-4858-8D58-F01F10C420D0}.Debug|x64.Build.0 = Debug|Any CPU
		{E52C88E4-72C2-4858-8D58-F01F10C420D0}.Debug|x86.ActiveCfg = Debug|Any CPU
		{E52C88E4-72C2-4858-8D58-F01F10C420D0}.Debug|x86.Build.0 = Debug|Any CPU
		{E52C88E4-72C2-4858-8D58-F01F10C420D0}.Release|Any CPU.ActiveCfg = Release|Any CPU
		{E52C88E4-72C2-4858-8D58-F01F10C420D0}.Release|Any CPU.Build.0 = Release|Any CPU
		{E52C88E4-72C2-4858-8D58-F01F10C420D0}.Release|x64.ActiveCfg = Release|Any CPU
		{E52C88E4-72C2-4858-8D58-F01F10C420D0}.Release|x64.Build.0 = Release|Any CPU
		{E52C88E4-72C2-4858-8D58-F01F10C420D0}.Release|x86.ActiveCfg = Release|Any CPU
		{E52C88E4-72C2-4858-8D58-F01F10C420D0}.Release|x86.Build.0 = Release|Any CPU
		{EA037EC1-7D0C-4EBA-995E-669FACBC3B18}.Debug|Any CPU.ActiveCfg = Debug|x64
		{EA037EC1-7D0C-4EBA-995E-669FACBC3B18}.Debug|x64.ActiveCfg = Debug|x64
		{EA037EC1-7D0C-4EBA-995E-669FACBC3B18}.Debug|x64.Build.0 = Debug|x64
		{EA037EC1-7D0C-4EBA-995E-669FACBC3B18}.Debug|x86.ActiveCfg = Debug|Win32
		{EA037EC1-7D0C-4EBA-995E-669FACBC3B18}.Debug|x86.Build.0 = Debug|Win32
		{EA037EC1-7D0C-4EBA-995E-669FACBC3B18}.Release|Any CPU.ActiveCfg = Release|Win32
		{EA037EC1-7D0C-4EBA-995E-669FACBC3B18}.Release|x64.ActiveCfg = Release|x64
		{EA037EC1-7D0C-4EBA-995E-669FACBC3B18}.Release|x64.Build.0 = Release|x64
		{EA037EC1-7D0C-4EBA-995E-669FACBC3B18}.Release|x86.ActiveCfg = Release|Win32
		{EA037EC1-7D0C-4EBA-995E-669FACBC3B18}.Release|x86.Build.0 = Release|Win32
		{DBE53C73-5E64-55EF-9E88-6C47A9A49BF7}.Debug|Any CPU.ActiveCfg = Debug|Any CPU
		{DBE53C73-5E64-55EF-9E88-6C47A9A49BF7}.Debug|Any CPU.Build.0 = Debug|Any CPU
		{DBE53C73-5E64-55EF-9E88-6C47A9A49BF7}.Debug|x64.ActiveCfg = Debug|Any CPU
		{DBE53C73-5E64-55EF-9E88-6C47A9A49BF7}.Debug|x64.Build.0 = Debug|Any CPU
		{DBE53C73-5E64-55EF-9E88-6C47A9A49BF7}.Debug|x86.ActiveCfg = Debug|Any CPU
		{DBE53C73-5E64-55EF-9E88-6C47A9A49BF7}.Debug|x86.Build.0 = Debug|Any CPU
		{DBE53C73-5E64-55EF-9E88-6C47A9A49BF7}.Release|Any CPU.ActiveCfg = Release|Any CPU
		{DBE53C73-5E64-55EF-9E88-6C47A9A49BF7}.Release|Any CPU.Build.0 = Release|Any CPU
		{DBE53C73-5E64-55EF-9E88-6C47A9A49BF7}.Release|x64.ActiveCfg = Release|Any CPU
		{DBE53C73-5E64-55EF-9E88-6C47A9A49BF7}.Release|x64.Build.0 = Release|Any CPU
		{DBE53C73-5E64-55EF-9E88-6C47A9A49BF7}.Release|x86.ActiveCfg = Release|Any CPU
		{DBE53C73-5E64-55EF-9E88-6C47A9A49BF7}.Release|x86.Build.0 = Release|Any CPU
	EndGlobalSection
	GlobalSection(SolutionProperties) = preSolution
		HideSolutionNode = FALSE
	EndGlobalSection
	GlobalSection(ExtensibilityGlobals) = postSolution
		SolutionGuid = {6C3EA878-53BD-45C6-927E-BC9339667143}
	EndGlobalSection
EndGlobal
